
Microsoft Visual Studio Solution File, Format Version 12.00
# Visual Studio Version 17
VisualStudioVersion = 17.5.002.0
MinimumVisualStudioVersion = 10.0.40219.1
Project("{9A19103F-16F7-4668-BE54-9A1E7A4F7556}") = "Adivinha", "Adivinha.csproj", "{8E0C8769-A2BA-4556-B579-EADB06BE22DA}"
EndProject
Global
	GlobalSection(SolutionConfigurationPlatforms) = preSolution
		Debug|Any CPU = Debug|Any CPU
		Release|Any CPU = Release|Any CPU
	EndGlobalSection
	GlobalSection(ProjectConfigurationPlatforms) = postSolution
		{8E0C8769-A2BA-4556-B579-EADB06BE22DA}.Debug|Any CPU.ActiveCfg = Debug|Any CPU
		{8E0C8769-A2BA-4556-B579-EADB06BE22DA}.Debug|Any CPU.Build.0 = Debug|Any CPU
		{8E0C8769-A2BA-4556-B579-EADB06BE22DA}.Release|Any CPU.ActiveCfg = Release|Any CPU
		{8E0C8769-A2BA-4556-B579-EADB06BE22DA}.Release|Any CPU.Build.0 = Release|Any CPU
	EndGlobalSection
	GlobalSection(SolutionProperties) = preSolution
		HideSolutionNode = FALSE
	EndGlobalSection
	GlobalSection(ExtensibilityGlobals) = postSolution
		SolutionGuid = {3CEC0B0D-C144-455F-B019-FB7E0B6B24DB}
	EndGlobalSection
EndGlobal
